
Microsoft Visual Studio Solution File, Format Version 12.00
# Visual Studio Version 17
VisualStudioVersion = 17.7.34024.191
MinimumVisualStudioVersion = 10.0.40219.1
Project("{8BC9CEB8-8B4A-11D0-8D11-00A0C91BC942}") = "wp_00_02", "wp_00_02.vcxproj", "{86BB06A4-54AE-48AD-9BCC-337835365ABC}"
EndProject
Global
	GlobalSection(SolutionConfigurationPlatforms) = preSolution
		Debug|x64 = Debug|x64
		Debug|x86 = Debug|x86
		Release|x64 = Release|x64
		Release|x86 = Release|x86
	EndGlobalSection
	GlobalSection(ProjectConfigurationPlatforms) = postSolution
		{86BB06A4-54AE-48AD-9BCC-337835365ABC}.Debug|x64.ActiveCfg = Debug|x64
		{86BB06A4-54AE-48AD-9BCC-337835365ABC}.Debug|x64.Build.0 = Debug|x64
		{86BB06A4-54AE-48AD-9BCC-337835365ABC}.Debug|x86.ActiveCfg = Debug|Win32
		{86BB06A4-54AE-48AD-9BCC-337835365ABC}.Debug|x86.Build.0 = Debug|Win32
		{86BB06A4-54AE-48AD-9BCC-337835365ABC}.Release|x64.ActiveCfg = Release|x64
		{86BB06A4-54AE-48AD-9BCC-337835365ABC}.Release|x64.Build.0 = Release|x64
		{86BB06A4-54AE-48AD-9BCC-337835365ABC}.Release|x86.ActiveCfg = Release|Win32
		{86BB06A4-54AE-48AD-9BCC-337835365ABC}.Release|x86.Build.0 = Release|Win32
	EndGlobalSection
	GlobalSection(SolutionProperties) = preSolution
		HideSolutionNode = FALSE
	EndGlobalSection
	GlobalSection(ExtensibilityGlobals) = postSolution
		SolutionGuid = {E19B3784-57FF-4331-A304-9A24CB1914C0}
	EndGlobalSection
EndGlobal
